
Microsoft Visual Studio Solution File, Format Version 12.00
Project("{2150E333-8FDC-42A3-9474-1A3956D46DE8}") = "Core", "Core", "{E91F0E7A-B055-433E-9122-DCEA048516D7}"
EndProject
Project("{2150E333-8FDC-42A3-9474-1A3956D46DE8}") = "Infrastructure", "Infrastructure", "{F71EE807-AA52-4079-B460-7F5134532CC7}"
EndProject
Project("{2150E333-8FDC-42A3-9474-1A3956D46DE8}") = "UI", "UI", "{925B41F8-15E4-49C8-A192-95B8C14A969B}"
EndProject
Project("{FAE04EC0-301F-11D3-BF4B-00C04F79EFBC}") = "MQGroup.PetShop.Core", "MQGroup.PetShop.Core\MQGroup.PetShop.Core.csproj", "{E8A7A50C-E1A6-498B-88A7-513B72D0FCFC}"
EndProject
Project("{FAE04EC0-301F-11D3-BF4B-00C04F79EFBC}") = "MQGroup.PetShop.Domain", "MQGroup.PetShop.Domain\MQGroup.PetShop.Domain.csproj", "{BB37B056-ED70-4EC5-9F0B-A7DF8340FD1D}"
EndProject
Project("{FAE04EC0-301F-11D3-BF4B-00C04F79EFBC}") = "MQGroup.PetShop.Infrastructure.DataAccess", "MQGroup.PetShop.Infrastructure.DataAccess\MQGroup.PetShop.Infrastructure.DataAccess.csproj", "{B7603411-CC7C-46E0-A312-1E6308F487EE}"
EndProject
Project("{FAE04EC0-301F-11D3-BF4B-00C04F79EFBC}") = "MQGroup.PetShop.UI", "MQGroup.PetShop.UI\MQGroup.PetShop.UI.csproj", "{631BC8FE-83CD-4B52-A651-BA08C042362E}"
EndProject
Global
	GlobalSection(SolutionConfigurationPlatforms) = preSolution
		Debug|Any CPU = Debug|Any CPU
		Release|Any CPU = Release|Any CPU
	EndGlobalSection
	GlobalSection(NestedProjects) = preSolution
		{E8A7A50C-E1A6-498B-88A7-513B72D0FCFC} = {E91F0E7A-B055-433E-9122-DCEA048516D7}
		{BB37B056-ED70-4EC5-9F0B-A7DF8340FD1D} = {E91F0E7A-B055-433E-9122-DCEA048516D7}
		{B7603411-CC7C-46E0-A312-1E6308F487EE} = {F71EE807-AA52-4079-B460-7F5134532CC7}
		{631BC8FE-83CD-4B52-A651-BA08C042362E} = {925B41F8-15E4-49C8-A192-95B8C14A969B}
	EndGlobalSection
	GlobalSection(ProjectConfigurationPlatforms) = postSolution
		{E8A7A50C-E1A6-498B-88A7-513B72D0FCFC}.Debug|Any CPU.ActiveCfg = Debug|Any CPU
		{E8A7A50C-E1A6-498B-88A7-513B72D0FCFC}.Debug|Any CPU.Build.0 = Debug|Any CPU
		{E8A7A50C-E1A6-498B-88A7-513B72D0FCFC}.Release|Any CPU.ActiveCfg = Release|Any CPU
		{E8A7A50C-E1A6-498B-88A7-513B72D0FCFC}.Release|Any CPU.Build.0 = Release|Any CPU
		{BB37B056-ED70-4EC5-9F0B-A7DF8340FD1D}.Debug|Any CPU.ActiveCfg = Debug|Any CPU
		{BB37B056-ED70-4EC5-9F0B-A7DF8340FD1D}.Debug|Any CPU.Build.0 = Debug|Any CPU
		{BB37B056-ED70-4EC5-9F0B-A7DF8340FD1D}.Release|Any CPU.ActiveCfg = Release|Any CPU
		{BB37B056-ED70-4EC5-9F0B-A7DF8340FD1D}.Release|Any CPU.Build.0 = Release|Any CPU
		{B7603411-CC7C-46E0-A312-1E6308F487EE}.Debug|Any CPU.ActiveCfg = Debug|Any CPU
		{B7603411-CC7C-46E0-A312-1E6308F487EE}.Debug|Any CPU.Build.0 = Debug|Any CPU
		{B7603411-CC7C-46E0-A312-1E6308F487EE}.Release|Any CPU.ActiveCfg = Release|Any CPU
		{B7603411-CC7C-46E0-A312-1E6308F487EE}.Release|Any CPU.Build.0 = Release|Any CPU
		{631BC8FE-83CD-4B52-A651-BA08C042362E}.Debug|Any CPU.ActiveCfg = Debug|Any CPU
		{631BC8FE-83CD-4B52-A651-BA08C042362E}.Debug|Any CPU.Build.0 = Debug|Any CPU
		{631BC8FE-83CD-4B52-A651-BA08C042362E}.Release|Any CPU.ActiveCfg = Release|Any CPU
		{631BC8FE-83CD-4B52-A651-BA08C042362E}.Release|Any CPU.Build.0 = Release|Any CPU
	EndGlobalSection
EndGlobal
